
Microsoft Visual Studio Solution File, Format Version 12.00
# Visual Studio 15
VisualStudioVersion = 15.0.27004.2005
MinimumVisualStudioVersion = 10.0.40219.1
Project("{FAE04EC0-301F-11D3-BF4B-00C04F79EFBC}") = "SimpleSender", "SimpleSender\SimpleSender.csproj", "{D7E45418-40D5-4D7E-B115-C5969C93EECA}"
EndProject
Project("{FAE04EC0-301F-11D3-BF4B-00C04F79EFBC}") = "SimpleListener", "SimpleListener\SimpleListener.csproj", "{1A2E0535-F8B7-48E1-A9D4-BF924F775658}"
EndProject
Project("{9A19103F-16F7-4668-BE54-9A1E7A4F7556}") = "MjIot.Devices.Common", "MjIot.Devices.Common\MjIot.Devices.Common.csproj", "{F01900EF-07D7-48EE-9A41-95D6B7C60A09}"
EndProject
Project("{9A19103F-16F7-4668-BE54-9A1E7A4F7556}") = "MjIot.Devices.Reference.CmdDevice", "ReferenceSimulator\MjIot.Devices.Reference.CmdDevice.csproj", "{8CAB167B-7DC1-431A-8843-6F995AFF6EFD}"
EndProject
Project("{9A19103F-16F7-4668-BE54-9A1E7A4F7556}") = "CmdDashArgsReaderLibrary", "CmdDashArgsReader\CmdDashArgsReaderLibrary.csproj", "{23680BF5-6861-416B-91F3-99C722471720}"
EndProject
Project("{9A19103F-16F7-4668-BE54-9A1E7A4F7556}") = "CmdDashArgsReaderLibraryTests", "CmdDashArgsReaderLibraryTest\CmdDashArgsReaderLibraryTests.csproj", "{76A3840D-ECEC-4D6B-83A5-10AE7154C411}"
EndProject
Project("{FAE04EC0-301F-11D3-BF4B-00C04F79EFBC}") = "MjIot.Devices.Reference.Chatter", "MJIoTChatter\MjIot.Devices.Reference.Chatter.csproj", "{56867052-7DC0-4512-A90C-C046061BB3D1}"
EndProject
Global
	GlobalSection(SolutionConfigurationPlatforms) = preSolution
		Debug|Any CPU = Debug|Any CPU
		Release|Any CPU = Release|Any CPU
	EndGlobalSection
	GlobalSection(ProjectConfigurationPlatforms) = postSolution
		{D7E45418-40D5-4D7E-B115-C5969C93EECA}.Debug|Any CPU.ActiveCfg = Debug|Any CPU
		{D7E45418-40D5-4D7E-B115-C5969C93EECA}.Debug|Any CPU.Build.0 = Debug|Any CPU
		{D7E45418-40D5-4D7E-B115-C5969C93EECA}.Release|Any CPU.ActiveCfg = Release|Any CPU
		{D7E45418-40D5-4D7E-B115-C5969C93EECA}.Release|Any CPU.Build.0 = Release|Any CPU
		{1A2E0535-F8B7-48E1-A9D4-BF924F775658}.Debug|Any CPU.ActiveCfg = Debug|Any CPU
		{1A2E0535-F8B7-48E1-A9D4-BF924F775658}.Debug|Any CPU.Build.0 = Debug|Any CPU
		{1A2E0535-F8B7-48E1-A9D4-BF924F775658}.Release|Any CPU.ActiveCfg = Release|Any CPU
		{1A2E0535-F8B7-48E1-A9D4-BF924F775658}.Release|Any CPU.Build.0 = Release|Any CPU
		{F01900EF-07D7-48EE-9A41-95D6B7C60A09}.Debug|Any CPU.ActiveCfg = Debug|Any CPU
		{F01900EF-07D7-48EE-9A41-95D6B7C60A09}.Debug|Any CPU.Build.0 = Debug|Any CPU
		{F01900EF-07D7-48EE-9A41-95D6B7C60A09}.Release|Any CPU.ActiveCfg = Release|Any CPU
		{F01900EF-07D7-48EE-9A41-95D6B7C60A09}.Release|Any CPU.Build.0 = Release|Any CPU
		{8CAB167B-7DC1-431A-8843-6F995AFF6EFD}.Debug|Any CPU.ActiveCfg = Debug|Any CPU
		{8CAB167B-7DC1-431A-8843-6F995AFF6EFD}.Debug|Any CPU.Build.0 = Debug|Any CPU
		{8CAB167B-7DC1-431A-8843-6F995AFF6EFD}.Release|Any CPU.ActiveCfg = Release|Any CPU
		{8CAB167B-7DC1-431A-8843-6F995AFF6EFD}.Release|Any CPU.Build.0 = Release|Any CPU
		{23680BF5-6861-416B-91F3-99C722471720}.Debug|Any CPU.ActiveCfg = Debug|Any CPU
		{23680BF5-6861-416B-91F3-99C722471720}.Debug|Any CPU.Build.0 = Debug|Any CPU
		{23680BF5-6861-416B-91F3-99C722471720}.Release|Any CPU.ActiveCfg = Release|Any CPU
		{23680BF5-6861-416B-91F3-99C722471720}.Release|Any CPU.Build.0 = Release|Any CPU
		{76A3840D-ECEC-4D6B-83A5-10AE7154C411}.Debug|Any CPU.ActiveCfg = Debug|Any CPU
		{76A3840D-ECEC-4D6B-83A5-10AE7154C411}.Debug|Any CPU.Build.0 = Debug|Any CPU
		{76A3840D-ECEC-4D6B-83A5-10AE7154C411}.Release|Any CPU.ActiveCfg = Release|Any CPU
		{76A3840D-ECEC-4D6B-83A5-10AE7154C411}.Release|Any CPU.Build.0 = Release|Any CPU
		{56867052-7DC0-4512-A90C-C046061BB3D1}.Debug|Any CPU.ActiveCfg = Debug|Any CPU
		{56867052-7DC0-4512-A90C-C046061BB3D1}.Debug|Any CPU.Build.0 = Debug|Any CPU
		{56867052-7DC0-4512-A90C-C046061BB3D1}.Release|Any CPU.ActiveCfg = Release|Any CPU
		{56867052-7DC0-4512-A90C-C046061BB3D1}.Release|Any CPU.Build.0 = Release|Any CPU
	EndGlobalSection
	GlobalSection(SolutionProperties) = preSolution
		HideSolutionNode = FALSE
	EndGlobalSection
	GlobalSection(ExtensibilityGlobals) = postSolution
		EnterpriseLibraryConfigurationToolBinariesPathV6 = packages\EnterpriseLibrary.TransientFaultHandling.6.0.1304.0\lib\portable-net45+win+wp8
		SolutionGuid = {14190796-A081-427B-80DA-B066548296F4}
	EndGlobalSection
EndGlobal
